
Microsoft Visual Studio Solution File, Format Version 12.00
# Visual Studio 15
VisualStudioVersion = 15.0.26228.4
MinimumVisualStudioVersion = 10.0.40219.1
Project("{FAE04EC0-301F-11D3-BF4B-00C04F79EFBC}") = "Factoid", "Factoid\Factoid.csproj", "{C7469A71-6B64-4897-8481-62B67CE9C9FD}"
EndProject
Project("{FAE04EC0-301F-11D3-BF4B-00C04F79EFBC}") = "Factoid.Services.Background", "Factoid.Services.Background\Factoid.Services.Background.csproj", "{9C01E3C9-F65D-4801-8D3A-C54EA74879CA}"
EndProject
Global
	GlobalSection(SolutionConfigurationPlatforms) = preSolution
		Debug|Any CPU = Debug|Any CPU
		Debug|ARM = Debug|ARM
		Debug|x64 = Debug|x64
		Debug|x86 = Debug|x86
		Release|Any CPU = Release|Any CPU
		Release|ARM = Release|ARM
		Release|x64 = Release|x64
		Release|x86 = Release|x86
	EndGlobalSection
	GlobalSection(ProjectConfigurationPlatforms) = postSolution
		{C7469A71-6B64-4897-8481-62B67CE9C9FD}.Debug|Any CPU.ActiveCfg = Debug|x86
		{C7469A71-6B64-4897-8481-62B67CE9C9FD}.Debug|ARM.ActiveCfg = Debug|ARM
		{C7469A71-6B64-4897-8481-62B67CE9C9FD}.Debug|ARM.Build.0 = Debug|ARM
		{C7469A71-6B64-4897-8481-62B67CE9C9FD}.Debug|ARM.Deploy.0 = Debug|ARM
		{C7469A71-6B64-4897-8481-62B67CE9C9FD}.Debug|x64.ActiveCfg = Debug|x64
		{C7469A71-6B64-4897-8481-62B67CE9C9FD}.Debug|x64.Build.0 = Debug|x64
		{C7469A71-6B64-4897-8481-62B67CE9C9FD}.Debug|x64.Deploy.0 = Debug|x64
		{C7469A71-6B64-4897-8481-62B67CE9C9FD}.Debug|x86.ActiveCfg = Debug|x86
		{C7469A71-6B64-4897-8481-62B67CE9C9FD}.Debug|x86.Build.0 = Debug|x86
		{C7469A71-6B64-4897-8481-62B67CE9C9FD}.Debug|x86.Deploy.0 = Debug|x86
		{C7469A71-6B64-4897-8481-62B67CE9C9FD}.Release|Any CPU.ActiveCfg = Release|x86
		{C7469A71-6B64-4897-8481-62B67CE9C9FD}.Release|ARM.ActiveCfg = Release|ARM
		{C7469A71-6B64-4897-8481-62B67CE9C9FD}.Release|ARM.Build.0 = Release|ARM
		{C7469A71-6B64-4897-8481-62B67CE9C9FD}.Release|ARM.Deploy.0 = Release|ARM
		{C7469A71-6B64-4897-8481-62B67CE9C9FD}.Release|x64.ActiveCfg = Release|x64
		{C7469A71-6B64-4897-8481-62B67CE9C9FD}.Release|x64.Build.0 = Release|x64
		{C7469A71-6B64-4897-8481-62B67CE9C9FD}.Release|x64.Deploy.0 = Release|x64
		{C7469A71-6B64-4897-8481-62B67CE9C9FD}.Release|x86.ActiveCfg = Release|x86
		{C7469A71-6B64-4897-8481-62B67CE9C9FD}.Release|x86.Build.0 = Release|x86
		{C7469A71-6B64-4897-8481-62B67CE9C9FD}.Release|x86.Deploy.0 = Release|x86
		{9C01E3C9-F65D-4801-8D3A-C54EA74879CA}.Debug|Any CPU.ActiveCfg = Debug|Any CPU
		{9C01E3C9-F65D-4801-8D3A-C54EA74879CA}.Debug|Any CPU.Build.0 = Debug|Any CPU
		{9C01E3C9-F65D-4801-8D3A-C54EA74879CA}.Debug|ARM.ActiveCfg = Debug|ARM
		{9C01E3C9-F65D-4801-8D3A-C54EA74879CA}.Debug|ARM.Build.0 = Debug|ARM
		{9C01E3C9-F65D-4801-8D3A-C54EA74879CA}.Debug|x64.ActiveCfg = Debug|x64
		{9C01E3C9-F65D-4801-8D3A-C54EA74879CA}.Debug|x64.Build.0 = Debug|x64
		{9C01E3C9-F65D-4801-8D3A-C54EA74879CA}.Debug|x86.ActiveCfg = Debug|x86
		{9C01E3C9-F65D-4801-8D3A-C54EA74879CA}.Debug|x86.Build.0 = Debug|x86
		{9C01E3C9-F65D-4801-8D3A-C54EA74879CA}.Release|Any CPU.ActiveCfg = Release|Any CPU
		{9C01E3C9-F65D-4801-8D3A-C54EA74879CA}.Release|Any CPU.Build.0 = Release|Any CPU
		{9C01E3C9-F65D-4801-8D3A-C54EA74879CA}.Release|ARM.ActiveCfg = Release|ARM
		{9C01E3C9-F65D-4801-8D3A-C54EA74879CA}.Release|ARM.Build.0 = Release|ARM
		{9C01E3C9-F65D-4801-8D3A-C54EA74879CA}.Release|x64.ActiveCfg = Release|x64
		{9C01E3C9-F65D-4801-8D3A-C54EA74879CA}.Release|x64.Build.0 = Release|x64
		{9C01E3C9-F65D-4801-8D3A-C54EA74879CA}.Release|x86.ActiveCfg = Release|x86
		{9C01E3C9-F65D-4801-8D3A-C54EA74879CA}.Release|x86.Build.0 = Release|x86
	EndGlobalSection
	GlobalSection(SolutionProperties) = preSolution
		HideSolutionNode = FALSE
	EndGlobalSection
EndGlobal
